// !$*UTF8*$!
{
	archiveVersion = 1;
	classes = {
	};
	objectVersion = 46;
	objects = {

/* Begin PBXBuildFile section */
		40CC49871E4067F70021FEAC /* AppDelegate.swift in Sources */ = {isa = PBXBuildFile; fileRef = 40CC497F1E4067F70021FEAC /* AppDelegate.swift */; };
		40CC49881E4067F70021FEAC /* Assets.xcassets in Resources */ = {isa = PBXBuildFile; fileRef = 40CC49801E4067F70021FEAC /* Assets.xcassets */; };
		40CC49891E4067F70021FEAC /* LaunchScreen.storyboard in Resources */ = {isa = PBXBuildFile; fileRef = 40CC49811E4067F70021FEAC /* LaunchScreen.storyboard */; };
		40CC498A1E4067F70021FEAC /* Main.storyboard in Resources */ = {isa = PBXBuildFile; fileRef = 40CC49831E4067F70021FEAC /* Main.storyboard */; };
		40CC498B1E4067F70021FEAC /* Info.plist in Resources */ = {isa = PBXBuildFile; fileRef = 40CC49851E4067F70021FEAC /* Info.plist */; };
		40CC498C1E4067F70021FEAC /* ViewController.swift in Sources */ = {isa = PBXBuildFile; fileRef = 40CC49861E4067F70021FEAC /* ViewController.swift */; };
/* End PBXBuildFile section */

/* Begin PBXFileReference section */
		409BAC911E3B4BA700BCE484 /* SequenceAnimation.app */ = {isa = PBXFileReference; explicitFileType = wrapper.application; includeInIndex = 0; path = SequenceAnimation.app; sourceTree = BUILT_PRODUCTS_DIR; };
		40CC497F1E4067F70021FEAC /* AppDelegate.swift */ = {isa = PBXFileReference; fileEncoding = 4; lastKnownFileType = sourcecode.swift; path = AppDelegate.swift; sourceTree = "<group>"; };
		40CC49801E4067F70021FEAC /* Assets.xcassets */ = {isa = PBXFileReference; lastKnownFileType = folder.assetcatalog; path = Assets.xcassets; sourceTree = "<group>"; };
		40CC49821E4067F70021FEAC /* Base */ = {isa = PBXFileReference; lastKnownFileType = file.storyboard; name = Base; path = Base.lproj/LaunchScreen.storyboard; sourceTree = "<group>"; };
		40CC49841E4067F70021FEAC /* Base */ = {isa = PBXFileReference; lastKnownFileType = file.storyboard; name = Base; path = Base.lproj/Main.storyboard; sourceTree = "<group>"; };
		40CC49851E4067F70021FEAC /* Info.plist */ = {isa = PBXFileReference; fileEncoding = 4; lastKnownFileType = text.plist.xml; name = Info.plist; path = SequenceAnimation/Info.plist; sourceTree = SOURCE_ROOT; };
		40CC49861E4067F70021FEAC /* ViewController.swift */ = {isa = PBXFileReference; fileEncoding = 4; lastKnownFileType = sourcecode.swift; path = ViewController.swift; sourceTree = "<group>"; };
/* End PBXFileReference section */

/* Begin PBXFrameworksBuildPhase section */
		409BAC8E1E3B4BA700BCE484 /* Frameworks */ = {
			isa = PBXFrameworksBuildPhase;
			buildActionMask = 2147483647;
			files = (
			);
			runOnlyForDeploymentPostprocessing = 0;
		};
/* End PBXFrameworksBuildPhase section */

/* Begin PBXGroup section */
		409BAC881E3B4BA700BCE484 = {
			isa = PBXGroup;
			children = (
				40CC497E1E4067F70021FEAC /* SequenceAnimation */,
				409BAC921E3B4BA700BCE484 /* Products */,
			);
			sourceTree = "<group>";
		};
		409BAC921E3B4BA700BCE484 /* Products */ = {
			isa = PBXGroup;
			children = (
				409BAC911E3B4BA700BCE484 /* SequenceAnimation.app */,
			);
			name = Products;
			sourceTree = "<group>";
		};
		40CC497E1E4067F70021FEAC /* SequenceAnimation */ = {
			isa = PBXGroup;
			children = (
				40CC497F1E4067F70021FEAC /* AppDelegate.swift */,
				40CC49801E4067F70021FEAC /* Assets.xcassets */,
				40CC49811E4067F70021FEAC /* LaunchScreen.storyboard */,
				40CC49831E4067F70021FEAC /* Main.storyboard */,
				40CC49851E4067F70021FEAC /* Info.plist */,
				40CC49861E4067F70021FEAC /* ViewController.swift */,
			);
			path = SequenceAnimation;
			sourceTree = "<group>";
		};
/* End PBXGroup section */

/* Begin PBXNativeTarget section */
		409BAC901E3B4BA700BCE484 /* SequenceAnimation */ = {
			isa = PBXNativeTarget;
			buildConfigurationList = 409BACA31E3B4BA700BCE484 /* Build configuration list for PBXNativeTarget "SequenceAnimation" */;
			buildPhases = (
				409BAC8D1E3B4BA700BCE484 /* Sources */,
				409BAC8E1E3B4BA700BCE484 /* Frameworks */,
				409BAC8F1E3B4BA700BCE484 /* Resources */,
			);
			buildRules = (
			);
			dependencies = (
			);
			name = SequenceAnimation;
			productName = Demo;
			productReference = 409BAC911E3B4BA700BCE484 /* SequenceAnimation.app */;
			productType = "com.apple.product-type.application";
		};
/* End PBXNativeTarget section */

/* Begin PBXProject section */
		409BAC891E3B4BA700BCE484 /* Project object */ = {
			isa = PBXProject;
			attributes = {
				LastSwiftUpdateCheck = 0820;
				LastUpgradeCheck = 0820;
				ORGANIZATIONNAME = "Falcon Solutions";
				TargetAttributes = {
					409BAC901E3B4BA700BCE484 = {
						CreatedOnToolsVersion = 8.2.1;
						ProvisioningStyle = Manual;
					};
				};
			};
			buildConfigurationList = 409BAC8C1E3B4BA700BCE484 /* Build configuration list for PBXProject "SequenceAnimation" */;
			compatibilityVersion = "Xcode 3.2";
			developmentRegion = English;
			hasScannedForEncodings = 0;
			knownRegions = (
				en,
				Base,
			);
			mainGroup = 409BAC881E3B4BA700BCE484;
			productRefGroup = 409BAC921E3B4BA700BCE484 /* Products */;
			projectDirPath = "";
			projectRoot = "";
			targets = (
				409BAC901E3B4BA700BCE484 /* SequenceAnimation */,
			);
		};
/* End PBXProject section */

/* Begin PBXResourcesBuildPhase section */
		409BAC8F1E3B4BA700BCE484 /* Resources */ = {
			isa = PBXResourcesBuildPhase;
			buildActionMask = 2147483647;
			files = (
				40CC498B1E4067F70021FEAC /* Info.plist in Resources */,
				40CC498A1E4067F70021FEAC /* Main.storyboard in Resources */,
				40CC49881E4067F70021FEAC /* Assets.xcassets in Resources */,
				40CC49891E4067F70021FEAC /* LaunchScreen.storyboard in Resources */,
			);
			runOnlyForDeploymentPostprocessing = 0;
		};
/* End PBXResourcesBuildPhase section */

/* Begin PBXSourcesBuildPhase section */
		409BAC8D1E3B4BA700BCE484 /* Sources */ = {
			isa = PBXSourcesBuildPhase;
			buildActionMask = 2147483647;
			files = (
				40CC498C1E4067F70021FEAC /* ViewController.swift in Sources */,
				40CC49871E4067F70021FEAC /* AppDelegate.swift in Sources */,
			);
			runOnlyForDeploymentPostprocessing = 0;
		};
/* End PBXSourcesBuildPhase section */

/* Begin PBXVariantGroup section */
		40CC49811E4067F70021FEAC /* LaunchScreen.storyboard */ = {
			isa = PBXVariantGroup;
			children = (
				40CC49821E4067F70021FEAC /* Base */,
			);
			name = LaunchScreen.storyboard;
			sourceTree = "<group>";
		};
		40CC49831E4067F70021FEAC /* Main.storyboard */ = {
			isa = PBXVariantGroup;
			children = (
				40CC49841E4067F70021FEAC /* Base */,
			);
			name = Main.storyboard;
			sourceTree = "<group>";
		};
/* End PBXVariantGroup section */

/* Begin XCBuildConfiguration section */
		409BACA11E3B4BA700BCE484 /* Debug */ = {
			isa = XCBuildConfiguration;
			buildSettings = {
				ALWAYS_SEARCH_USER_PATHS = NO;
				CLANG_ANALYZER_NONNULL = YES;
				CLANG_CXX_LANGUAGE_STANDARD = "gnu++0x";
				CLANG_CXX_LIBRARY = "libc++";
				CLANG_ENABLE_MODULES = YES;
				CLANG_ENABLE_OBJC_ARC = YES;
				CLANG_WARN_BOOL_CONVERSION = YES;
				CLANG_WARN_CONSTANT_CONVERSION = YES;
				CLANG_WARN_DIRECT_OBJC_ISA_USAGE = YES_ERROR;
				CLANG_WARN_DOCUMENTATION_COMMENTS = YES;
				CLANG_WARN_EMPTY_BODY = YES;
				CLANG_WARN_ENUM_CONVERSION = YES;
				CLANG_WARN_INFINITE_RECURSION = YES;
				CLANG_WARN_INT_CONVERSION = YES;
				CLANG_WARN_OBJC_ROOT_CLASS = YES_ERROR;
				CLANG_WARN_SUSPICIOUS_MOVE = YES;
				CLANG_WARN_UNREACHABLE_CODE = YES;
				CLANG_WARN__DUPLICATE_METHOD_MATCH = YES;
				"CODE_SIGN_IDENTITY[sdk=iphoneos*]" = "iPhone Developer";
				COPY_PHASE_STRIP = NO;
				DEBUG_INFORMATION_FORMAT = dwarf;
				ENABLE_STRICT_OBJC_MSGSEND = YES;
				ENABLE_TESTABILITY = YES;
				GCC_C_LANGUAGE_STANDARD = gnu99;
				GCC_DYNAMIC_NO_PIC = NO;
				GCC_NO_COMMON_BLOCKS = YES;
				GCC_OPTIMIZATION_LEVEL = 0;
				GCC_PREPROCESSOR_DEFINITIONS = (
					"DEBUG=1",
					"$(inherited)",
				);
				GCC_WARN_64_TO_32_BIT_CONVERSION = YES;
				GCC_WARN_ABOUT_RETURN_TYPE = YES_ERROR;
				GCC_WARN_UNDECLARED_SELECTOR = YES;
				GCC_WARN_UNINITIALIZED_AUTOS = YES_AGGRESSIVE;
				GCC_WARN_UNUSED_FUNCTION = YES;
				GCC_WARN_UNUSED_VARIABLE = YES;
				IPHONEOS_DEPLOYMENT_TARGET = 10.2;
				MTL_ENABLE_DEBUG_INFO = YES;
				ONLY_ACTIVE_ARCH = YES;
				SDKROOT = iphoneos;
				SWIFT_ACTIVE_COMPILATION_CONDITIONS = DEBUG;
				SWIFT_OPTIMIZATION_LEVEL = "-Onone";
				TARGETED_DEVICE_FAMILY = "1,2";
			};
			name = Debug;
		};
		409BACA21E3B4BA700BCE484 /* Release */ = {
			isa = XCBuildConfiguration;
			buildSettings = {
				ALWAYS_SEARCH_USER_PATHS = NO;
				CLANG_ANALYZER_NONNULL = YES;
				CLANG_CXX_LANGUAGE_STANDARD = "gnu++0x";
				CLANG_CXX_LIBRARY = "libc++";
				CLANG_ENABLE_MODULES = YES;
				CLANG_ENABLE_OBJC_ARC = YES;
				CLANG_WARN_BOOL_CONVERSION = YES;
				CLANG_WARN_CONSTANT_CONVERSION = YES;
				CLANG_WARN_DIRECT_OBJC_ISA_USAGE = YES_ERROR;
				CLANG_WARN_DOCUMENTATION_COMMENTS = YES;
				CLANG_WARN_EMPTY_BODY = YES;
				CLANG_WARN_ENUM_CONVERSION = YES;
				CLANG_WARN_INFINITE_RECURSION = YES;
				CLANG_WARN_INT_CONVERSION = YES;
				CLANG_WARN_OBJC_ROOT_CLASS = YES_ERROR;
				CLANG_WARN_SUSPICIOUS_MOVE = YES;
				CLANG_WARN_UNREACHABLE_CODE = YES;
				CLANG_WARN__DUPLICATE_METHOD_MATCH = YES;
				"CODE_SIGN_IDENTITY[sdk=iphoneos*]" = "iPhone Developer";
				COPY_PHASE_STRIP = NO;
				DEBUG_INFORMATION_FORMAT = "dwarf-with-dsym";
				ENABLE_NS_ASSERTIONS = NO;
				ENABLE_STRICT_OBJC_MSGSEND = YES;
				GCC_C_LANGUAGE_STANDARD = gnu99;
				GCC_NO_COMMON_BLOCKS = YES;
				GCC_WARN_64_TO_32_BIT_CONVERSION = YES;
				GCC_WARN_ABOUT_RETURN_TYPE = YES_ERROR;
				GCC_WARN_UNDECLARED_SELECTOR = YES;
				GCC_WARN_UNINITIALIZED_AUTOS = YES_AGGRESSIVE;
				GCC_WARN_UNUSED_FUNCTION = YES;
				GCC_WARN_UNUSED_VARIABLE = YES;
				IPHONEOS_DEPLOYMENT_TARGET = 10.2;
				MTL_ENABLE_DEBUG_INFO = NO;
				SDKROOT = iphoneos;
				SWIFT_OPTIMIZATION_LEVEL = "-Owholemodule";
				TARGETED_DEVICE_FAMILY = "1,2";
				VALIDATE_PRODUCT = YES;
			};
			name = Release;
		};
		409BACA41E3B4BA700BCE484 /* Debug */ = {
			isa = XCBuildConfiguration;
			buildSettings = {
				ASSETCATALOG_COMPILER_APPICON_NAME = AppIcon;
				"CODE_SIGN_IDENTITY[sdk=iphoneos*]" = "iPhone Developer";
				DEVELOPMENT_TEAM = "";
				INFOPLIST_FILE = "$(SRCROOT)/SequenceAnimation/Info.plist";
				IPHONEOS_DEPLOYMENT_TARGET = 8.0;
				LD_RUNPATH_SEARCH_PATHS = "$(inherited) @executable_path/Frameworks";
				PRODUCT_BUNDLE_IDENTIFIER = com.SequenceAnimation;
				PRODUCT_NAME = "$(TARGET_NAME)";
				SWIFT_VERSION = 3.0;
			};
			name = Debug;
		};
		409BACA51E3B4BA700BCE484 /* Release */ = {
			isa = XCBuildConfiguration;
			buildSettings = {
				ASSETCATALOG_COMPILER_APPICON_NAME = AppIcon;
				"CODE_SIGN_IDENTITY[sdk=iphoneos*]" = "iPhone Developer";
				DEVELOPMENT_TEAM = "";
				INFOPLIST_FILE = "$(SRCROOT)/SequenceAnimation/Info.plist";
				IPHONEOS_DEPLOYMENT_TARGET = 8.0;
				LD_RUNPATH_SEARCH_PATHS = "$(inherited) @executable_path/Frameworks";
				PRODUCT_BUNDLE_IDENTIFIER = com.SequenceAnimation;
				PRODUCT_NAME = "$(TARGET_NAME)";
				SWIFT_VERSION = 3.0;
			};
			name = Release;
		};
/* End XCBuildConfiguration section */

/* Begin XCConfigurationList section */
		409BAC8C1E3B4BA700BCE484 /* Build configuration list for PBXProject "SequenceAnimation" */ = {
			isa = XCConfigurationList;
			buildConfigurations = (
				409BACA11E3B4BA700BCE484 /* Debug */,
				409BACA21E3B4BA700BCE484 /* Release */,
			);
			defaultConfigurationIsVisible = 0;
			defaultConfigurationName = Release;
		};
		409BACA31E3B4BA700BCE484 /* Build configuration list for PBXNativeTarget "SequenceAnimation" */ = {
			isa = XCConfigurationList;
			buildConfigurations = (
				409BACA41E3B4BA700BCE484 /* Debug */,
				409BACA51E3B4BA700BCE484 /* Release */,
			);
			defaultConfigurationIsVisible = 0;
			defaultConfigurationName = Release;
		};
/* End XCConfigurationList section */
	};
	rootObject = 409BAC891E3B4BA700BCE484 /* Project object */;
}
